
Microsoft Visual Studio Solution File, Format Version 12.00
# Visual Studio Version 16
VisualStudioVersion = 16.0.30611.23
MinimumVisualStudioVersion = 10.0.40219.1
Project("{FAE04EC0-301F-11D3-BF4B-00C04F79EFBC}") = "Uplift", "Uplift\Uplift.csproj", "{C144887E-9EE5-4BB9-9F68-2309EA5E5153}"
EndProject
Project("{FAE04EC0-301F-11D3-BF4B-00C04F79EFBC}") = "Uplift.DataAccess", "Uplift.DataAccess\Uplift.DataAccess.csproj", "{199C077A-5D92-466F-84E6-ECC674D7E879}"
EndProject
Project("{FAE04EC0-301F-11D3-BF4B-00C04F79EFBC}") = "Uplift.Models", "Uplift.Models\Uplift.Models.csproj", "{8135BA80-8D64-4453-AD17-AF92C45BE23C}"
EndProject
Project("{FAE04EC0-301F-11D3-BF4B-00C04F79EFBC}") = "Uplift.Utility", "Uplift.Utility\Uplift.Utility.csproj", "{30A37096-8096-463B-A0F2-4F9D6486474A}"
EndProject
Global
	GlobalSection(SolutionConfigurationPlatforms) = preSolution
		Debug|Any CPU = Debug|Any CPU
		Release|Any CPU = Release|Any CPU
	EndGlobalSection
	GlobalSection(ProjectConfigurationPlatforms) = postSolution
		{C144887E-9EE5-4BB9-9F68-2309EA5E5153}.Debug|Any CPU.ActiveCfg = Debug|Any CPU
		{C144887E-9EE5-4BB9-9F68-2309EA5E5153}.Debug|Any CPU.Build.0 = Debug|Any CPU
		{C144887E-9EE5-4BB9-9F68-2309EA5E5153}.Release|Any CPU.ActiveCfg = Release|Any CPU
		{C144887E-9EE5-4BB9-9F68-2309EA5E5153}.Release|Any CPU.Build.0 = Release|Any CPU
		{199C077A-5D92-466F-84E6-ECC674D7E879}.Debug|Any CPU.ActiveCfg = Debug|Any CPU
		{199C077A-5D92-466F-84E6-ECC674D7E879}.Debug|Any CPU.Build.0 = Debug|Any CPU
		{199C077A-5D92-466F-84E6-ECC674D7E879}.Release|Any CPU.ActiveCfg = Release|Any CPU
		{199C077A-5D92-466F-84E6-ECC674D7E879}.Release|Any CPU.Build.0 = Release|Any CPU
		{8135BA80-8D64-4453-AD17-AF92C45BE23C}.Debug|Any CPU.ActiveCfg = Debug|Any CPU
		{8135BA80-8D64-4453-AD17-AF92C45BE23C}.Debug|Any CPU.Build.0 = Debug|Any CPU
		{8135BA80-8D64-4453-AD17-AF92C45BE23C}.Release|Any CPU.ActiveCfg = Release|Any CPU
		{8135BA80-8D64-4453-AD17-AF92C45BE23C}.Release|Any CPU.Build.0 = Release|Any CPU
		{30A37096-8096-463B-A0F2-4F9D6486474A}.Debug|Any CPU.ActiveCfg = Debug|Any CPU
		{30A37096-8096-463B-A0F2-4F9D6486474A}.Debug|Any CPU.Build.0 = Debug|Any CPU
		{30A37096-8096-463B-A0F2-4F9D6486474A}.Release|Any CPU.ActiveCfg = Release|Any CPU
		{30A37096-8096-463B-A0F2-4F9D6486474A}.Release|Any CPU.Build.0 = Release|Any CPU
	EndGlobalSection
	GlobalSection(SolutionProperties) = preSolution
		HideSolutionNode = FALSE
	EndGlobalSection
	GlobalSection(ExtensibilityGlobals) = postSolution
		SolutionGuid = {1AE18088-1DDC-46CA-9B57-0F615DA0033D}
	EndGlobalSection
EndGlobal
